lockfileVersion: '9.0'

settings:
  autoInstallPeers: true
  excludeLinksFromLockfile: false

importers:

  .:
    devDependencies:
      '@rollup/plugin-terser':
        specifier: ^0.4.4
        version: 0.4.4(rollup@4.24.1)
      '@rollup/plugin-typescript':
        specifier: ^12.1.2
        version: 12.1.2(rollup@4.24.1)(tslib@2.8.1)(typescript@5.8.2)
      estkbuild:
        specifier: ^0.0.2
        version: 0.0.2
      rolldown:
        specifier: 1.0.0-beta.7
        version: 1.0.0-beta.7(typescript@5.8.2)
      tslib:
        specifier: ^2.8.1
        version: 2.8.1
      typedoc:
        specifier: ^0.26.10
        version: 0.26.10(typescript@5.8.2)
      types-for-adobe:
        specifier: ^7.2.2
        version: 7.2.2
      typescript:
        specifier: ^5.8.2
        version: 5.8.2

packages:

  '@emnapi/core@1.4.0':
    resolution: {integrity: sha512-H+N/FqT07NmLmt6OFFtDfwe8PNygprzBikrEMyQfgqSmT0vzE515Pz7R8izwB9q/zsH/MA64AKoul3sA6/CzVg==}

  '@emnapi/runtime@1.4.0':
    resolution: {integrity: sha512-64WYIf4UYcdLnbKn/umDlNjQDSS8AgZrI/R9+x5ilkUVFxXcA1Ebl+gQLc/6mERA4407Xof0R7wEyEuj091CVw==}

  '@emnapi/wasi-threads@1.0.1':
    resolution: {integrity: sha512-iIBu7mwkq4UQGeMEM8bLwNK962nXdhodeScX4slfQnRhEMMzvYivHhutCIk8uojvmASXXPC2WNEjwxFWk72Oqw==}

  '@jridgewell/gen-mapping@0.3.5':
    resolution: {integrity: sha512-IzL8ZoEDIBRWEzlCcRhOaCupYyN5gdIK+Q6fbFdPDg6HqX6jpkItn7DFIpW9LQzXG6Df9sA7+OKnq0qlz/GaQg==}
    engines: {node: '>=6.0.0'}

  '@jridgewell/resolve-uri@3.1.2':
    resolution: {integrity: sha512-bRISgCIjP20/tbWSPWMEi54QVPRZExkuD9lJL+UIxUKtwVJA8wW1Trb1jMs1RFXo1CBTNZ/5hpC9QvmKWdopKw==}
    engines: {node: '>=6.0.0'}

  '@jridgewell/set-array@1.2.1':
    resolution: {integrity: sha512-R8gLRTZeyp03ymzP/6Lil/28tGeGEzhx1q2k703KGWRAI1VdvPIXdG70VJc2pAMw3NA6JKL5hhFu1sJX0Mnn/A==}
    engines: {node: '>=6.0.0'}

  '@jridgewell/source-map@0.3.6':
    resolution: {integrity: sha512-1ZJTZebgqllO79ue2bm3rIGud/bOe0pP5BjSRCRxxYkEZS8STV7zN84UBbiYu7jy+eCKSnVIUgoWWE/tt+shMQ==}

  '@jridgewell/sourcemap-codec@1.5.0':
    resolution: {integrity: sha512-gv3ZRaISU3fjPAgNsriBRqGWQL6quFx04YMPW/zD8XMLsU32mhCCbfbO6KZFLjvYpCZ8zyDEgqsgf+PwPaM7GQ==}

  '@jridgewell/trace-mapping@0.3.25':
    resolution: {integrity: sha512-vNk6aEwybGtawWmy/PzwnGDOjCkLWSD2wqvjGGAgOAwCGWySYXfYoxt00IJkTF+8Lb57DwOb3Aa0o9CApepiYQ==}

  '@napi-rs/wasm-runtime@0.2.8':
    resolution: {integrity: sha512-OBlgKdX7gin7OIq4fadsjpg+cp2ZphvAIKucHsNfTdJiqdOmOEwQd/bHi0VwNrcw5xpBJyUw6cK/QilCqy1BSg==}

  '@oxc-project/types@0.61.2':
    resolution: {integrity: sha512-rfuwJwvwn9MRthHNXlSo9Eka/u7gC0MhnWAoX3BhE1+rwPOl22nq0K0Y997Hof0tHCOuD7H3/Z8HTfCVhB4c5Q==}

  '@rolldown/binding-darwin-arm64@1.0.0-beta.7':
    resolution: {integrity: sha512-spVRMdG9NotVYfrc94W8zMKEqLFbxm/dzkBjTfKzXMqhyBryo1lwZ14o8xFb3lM/ON/ZUT7laR9y+r6SIUtFrg==}
    cpu: [arm64]
    os: [darwin]

  '@rolldown/binding-darwin-x64@1.0.0-beta.7':
    resolution: {integrity: sha512-6d6PicpBNLWJUyGO1b87QOBtQuqL1X9qVugi+kyGcChxW2bL87/CIBAJDu1g3mM62xSzxUitGa2YWRMhMJu2OA==}
    cpu: [x64]
    os: [darwin]

  '@rolldown/binding-freebsd-x64@1.0.0-beta.7':
    resolution: {integrity: sha512-RCKUAMUr1+F1wDSUmWUoGimCNAoQ9km5SRIEhrTlCOXe4wv+rY4o07cTaBjehBm+GtT+u0r36SW2gOmikivj9Q==}
    cpu: [x64]
    os: [freebsd]

  '@rolldown/binding-linux-arm-gnueabihf@1.0.0-beta.7':
    resolution: {integrity: sha512-SRGp4RaUC2oFZTDtLSRePWWE5F4C5vrlsr/a3+/mBlBVUdSrB7341hqAEcezW3YYHQOT/j9CPXu2NULENSywwQ==}
    cpu: [arm]
    os: [linux]

  '@rolldown/binding-linux-arm64-gnu@1.0.0-beta.7':
    resolution: {integrity: sha512-q6Szr5o54lJWir2uYxwxDoOUdSCrA2Nb8sKqQRnJHP9985o0uxeq85LKvMubFRgTKq9Q71ZZPrZBs7pwr4ji1Q==}
    cpu: [arm64]
    os: [linux]

  '@rolldown/binding-linux-arm64-musl@1.0.0-beta.7':
    resolution: {integrity: sha512-MiEE4ReEw7jdxKE8eKTdt3z7N1sucgSb1J0BUY3Dd8YKLjh2jNYHhJu13/tCo2DBMZxT+FDJE3WJ5kCxZA7+YA==}
    cpu: [arm64]
    os: [linux]

  '@rolldown/binding-linux-x64-gnu@1.0.0-beta.7':
    resolution: {integrity: sha512-2yDNUKQidgcZr/VSJCUy9IGvtcF/GfBEBrCsqvSkVKMNLNySICvybAwKtCNPeZSOwf875CWnnyKNeg5vwV6rMg==}
    cpu: [x64]
    os: [linux]

  '@rolldown/binding-linux-x64-musl@1.0.0-beta.7':
    resolution: {integrity: sha512-72LjHkY9Sqav35qopNh4fabhSsqKWmOwMtjmrNgONTtC5LhALjNZlaXkAaFvQRJ8N7ftT8BOITzaZeqrF6BYdg==}
    cpu: [x64]
    os: [linux]

  '@rolldown/binding-wasm32-wasi@1.0.0-beta.7':
    resolution: {integrity: sha512-sR8q2p3j5ZCkFWPbm6LUIYE7SHfmrVqXu0n4CFpzmAM95pDhFRx8SzT/oL5tkFN+mCdnPpzcvpn9OioVXQ8CxA==}
    engines: {node: '>=14.21.3'}
    cpu: [wasm32]

  '@rolldown/binding-win32-arm64-msvc@1.0.0-beta.7':
    resolution: {integrity: sha512-eeSNGdZt01NelYGl5LZc3cSwN4iYG5XE8zMqkILErfW6ndpc74DKeDWI0aG8jmtjz5VerLA4B9DzOkhuFj4lNg==}
    cpu: [arm64]
    os: [win32]

  '@rolldown/binding-win32-ia32-msvc@1.0.0-beta.7':
    resolution: {integrity: sha512-d7Uhs3LWirrE4+TRa2N25AqrZaZjYZdOrKSYbZFMF42tFkWIgGWPCQouTqjMgjVGX0feJpF7+9dwVhjZFzZbYA==}
    cpu: [ia32]
    os: [win32]

  '@rolldown/binding-win32-x64-msvc@1.0.0-beta.7':
    resolution: {integrity: sha512-Z3P1JHx+U7Sr73v5wJtEygxboF2VR9ds4eSAgFfslhIxFI48FFm+WEMeuLLeqnx0tiq1UL6cIIg5+h3mlaG6UA==}
    cpu: [x64]
    os: [win32]

  '@rollup/plugin-terser@0.4.4':
    resolution: {integrity: sha512-XHeJC5Bgvs8LfukDwWZp7yeqin6ns8RTl2B9avbejt6tZqsqvVoWI7ZTQrcNsfKEDWBTnTxM8nMDkO2IFFbd0A==}
    engines: {node: '>=14.0.0'}
    peerDependencies:
      rollup: ^2.0.0||^3.0.0||^4.0.0
    peerDependenciesMeta:
      rollup:
        optional: true

  '@rollup/plugin-typescript@12.1.2':
    resolution: {integrity: sha512-cdtSp154H5sv637uMr1a8OTWB0L1SWDSm1rDGiyfcGcvQ6cuTs4MDk2BVEBGysUWago4OJN4EQZqOTl/QY3Jgg==}
    engines: {node: '>=14.0.0'}
    peerDependencies:
      rollup: ^2.14.0||^3.0.0||^4.0.0
      tslib: '*'
      typescript: '>=3.7.0'
    peerDependenciesMeta:
      rollup:
        optional: true
      tslib:
        optional: true

  '@rollup/pluginutils@5.1.3':
    resolution: {integrity: sha512-Pnsb6f32CD2W3uCaLZIzDmeFyQ2b8UWMFI7xtwUezpcGBDVDW6y9XgAWIlARiGAo6eNF5FK5aQTr0LFyNyqq5A==}
    engines: {node: '>=14.0.0'}
    peerDependencies:
      rollup: ^1.20.0||^2.0.0||^3.0.0||^4.0.0
    peerDependenciesMeta:
      rollup:
        optional: true

  '@rollup/rollup-android-arm-eabi@4.24.1':
    resolution: {integrity: sha512-j2llrtCTwNu68yp1wybgkTUW8CrR8AZvGZzIO/qwNAetVP3FHidylyz1s0dU2zXG9uqqpoUIhWKmMypGMcdM2Q==}
    cpu: [arm]
    os: [android]

  '@rollup/rollup-android-arm64@4.24.1':
    resolution: {integrity: sha512-y65R3hM9sJVAXV3qh/dJ5o2OCVzwy6d994qmi+rGw1i1onYY5AoV9dREDYoizaZvc9esEqOs07CyFgPzz4DBqg==}
    cpu: [arm64]
    os: [android]

  '@rollup/rollup-darwin-arm64@4.24.1':
    resolution: {integrity: sha512-K9iOc75U9HpDffjop9qVPwNoBEPXS0Q6RrVSvh13gs38ynurJ2+HuS7NJbsx+fwiDA+eJYfBi7sablI8G2/3oA==}
    cpu: [arm64]
    os: [darwin]

  '@rollup/rollup-darwin-x64@4.24.1':
    resolution: {integrity: sha512-Ufz0fX79W9937euBI4qEdh2xLb0Lzo4GiZ7xxDpueEZxWdPbow6gnTRokSzSgtqRFs1vFgcgm7Ci/KnOo15MIg==}
    cpu: [x64]
    os: [darwin]

  '@rollup/rollup-freebsd-x64@4.24.1':
    resolution: {integrity: sha512-IfG1khuwe10V2EBfFIrcd7P6X0stdhHQM71NyaG5TPgy6dXr2nzAa5TMNFA35tr41gihUPqp/w8StayYG7jXYw==}
    cpu: [x64]
    os: [freebsd]

  '@rollup/rollup-linux-arm-gnueabihf@4.24.1':
    resolution: {integrity: sha512-W+drJRBL1+N1/zaq+8y/CtQ3VP5wxMXwCy7obFl9r5jJ5EFNEYAqchuPfYTleYOoA46bwXAprCL+OVK3BTrWWw==}
    cpu: [arm]
    os: [linux]

  '@rollup/rollup-linux-arm-musleabihf@4.24.1':
    resolution: {integrity: sha512-mKngr0zxo4FMSDqiq4F4G/1IPqjpNO7MyjAM6+YxDIADO4ZSI4m05bZYD4po12Jid6+n9YJRWdIcvi4JztMVcw==}
    cpu: [arm]
    os: [linux]

  '@rollup/rollup-linux-arm64-gnu@4.24.1':
    resolution: {integrity: sha512-Rh12WITgvLydYFR9XAjmCRArU71nMfi5lDVLhpRV8dR2sCGtZESVkfD66mi3owp4q1scwysT35nNMPleRTQOow==}
    cpu: [arm64]
    os: [linux]

  '@rollup/rollup-linux-arm64-musl@4.24.1':
    resolution: {integrity: sha512-zOLu7V1iBpJMIrrmZjpmAZ9txFlnGgqQMnjNmRrqmV1vQaou9SIT3qI3JE1kt+DQE8zCdB3n2/mAjIU90AfjEg==}
    cpu: [arm64]
    os: [linux]

  '@rollup/rollup-linux-powerpc64le-gnu@4.24.1':
    resolution: {integrity: sha512-h9ipTGhMzTBAJL/bg1HsElhGPWLGeCKE8JkxgvrJ5O/S1MXH9RxMUTl++tzlpzxdOBCAGqygZIMBj3wIDf/kJw==}
    cpu: [ppc64]
    os: [linux]

  '@rollup/rollup-linux-riscv64-gnu@4.24.1':
    resolution: {integrity: sha512-PNKCMA1xRBARR7/j6KXMSB1z0/eGenC/t2wdQl5et3jnrHA+igIaLVNUEPfnVjmZIZJign7u/dobvV2VkPxMiw==}
    cpu: [riscv64]
    os: [linux]

  '@rollup/rollup-linux-s390x-gnu@4.24.1':
    resolution: {integrity: sha512-mkl3uWq/ix18gAfzBUIecSwioPyJkbR6QXVaNuOGM7Qbs7f1EfDLP4XtLSJx4GL6mO8GrKhB3cmhUc3zjUrQSg==}
    cpu: [s390x]
    os: [linux]

  '@rollup/rollup-linux-x64-gnu@4.24.1':
    resolution: {integrity: sha512-j0RPQWteEXAAxRQI+IcX3i7WQb7hFe7CW94H3l0edBVyJMIPOlr/hqc5CGG1FBDW9gNr0ZC2IzwSta1iSNJIoA==}
    cpu: [x64]
    os: [linux]

  '@rollup/rollup-linux-x64-musl@4.24.1':
    resolution: {integrity: sha512-UrwXowd3gyT+/ijoeSzMyHHGUaV3WhiJL77eTZE8/Pq+9K6auacIJ264biAUhHJ3FjAHsXNhzEmxGnj4tpDz2g==}
    cpu: [x64]
    os: [linux]

  '@rollup/rollup-win32-arm64-msvc@4.24.1':
    resolution: {integrity: sha512-wexHPBkBa2/tPhbGcxLqOM2AFZ7BQsZ0pk3dVxRL5Ec0SsXnkpcMucZ4j4woyoD5DbRdFP6Roptd9TRsGVTvUA==}
    cpu: [arm64]
    os: [win32]

  '@rollup/rollup-win32-ia32-msvc@4.24.1':
    resolution: {integrity: sha512-IW2axCCdiC+kgj5/50Mt5v8qG0LYaDichBGKXM4Oo2NaWStAs0oQp1dqVzCV1XOXNvNNDRFw0EaT+JMs6BX+WQ==}
    cpu: [ia32]
    os: [win32]

  '@rollup/rollup-win32-x64-msvc@4.24.1':
    resolution: {integrity: sha512-b9IK2buRXwm7owl4Hd8fselCQ7/gr2WaErv0e/IPgRQuJfFS+O0cFJA4t13+FKAZeQh97iEyBG06g613IJLirQ==}
    cpu: [x64]
    os: [win32]

  '@shikijs/core@1.22.1':
    resolution: {integrity: sha512-bqAhT/Ri5ixV4oYsvJNH8UJjpjbINWlWyXY6tBTsP4OmD6XnFv43nRJ+lTdxd2rmG5pgam/x+zGR6kLRXrpEKA==}

  '@shikijs/engine-javascript@1.22.1':
    resolution: {integrity: sha512-540pyoy0LWe4jj2BVbgELwOFu1uFvRI7lg4hdsExrSXA9x7gqfzZ/Nnh4RfX86aDAgJ647gx4TCmRwACbnQSvw==}

  '@shikijs/engine-oniguruma@1.22.1':
    resolution: {integrity: sha512-L+1Vmd+a2kk8HtogUFymQS6BjUfJnzcWoUp1BUgxoDiklbKSMvrsMuLZGevTOP1m0rEjgnC5MsDmsr8lX1lC+Q==}

  '@shikijs/types@1.22.1':
    resolution: {integrity: sha512-+45f8mu/Hxqs6Kyhfm98Nld5n7Q7lwhjU8UtdQwrOPs7BnM4VAb929O3IQ2ce+4D7SlNFlZGd8CnKRSnwbQreQ==}

  '@shikijs/vscode-textmate@9.3.0':
    resolution: {integrity: sha512-jn7/7ky30idSkd/O5yDBfAnVt+JJpepofP/POZ1iMOxK59cOfqIgg/Dj0eFsjOTMw+4ycJN0uhZH/Eb0bs/EUA==}

  '@tybys/wasm-util@0.9.0':
    resolution: {integrity: sha512-6+7nlbMVX/PVDCwaIQ8nTOPveOcFLSt8GcXdx8hD0bt39uWxYT88uXzqTd4fTvqta7oeUJqudepapKNt2DYJFw==}

  '@types/estree@1.0.6':
    resolution: {integrity: sha512-AYnb1nQyY49te+VRAVgmzfcgjYS91mY5P0TKUDCLEM+gNnA+3T6rWITXRLYCpahpqSQbN5cE+gHpnPyXjHWxcw==}

  '@types/hast@3.0.4':
    resolution: {integrity: sha512-WPs+bbQw5aCj+x6laNGWLH3wviHtoCv/P3+otBhbOhJgG8qtpdAMlTCxLtsTWA7LH1Oh/bFCHsBn0TPS5m30EQ==}

  '@types/mdast@4.0.4':
    resolution: {integrity: sha512-kGaNbPh1k7AFzgpud/gMdvIm5xuECykRR+JnWKQno9TAXVa6WIVCGTPvYGekIDL4uwCZQSYbUxNBSb1aUo79oA==}

  '@types/unist@3.0.3':
    resolution: {integrity: sha512-ko/gIFJRv177XgZsZcBwnqJN5x/Gien8qNOn0D5bQU/zAzVf9Zt3BlcUiLqhV9y4ARk0GbT3tnUiPNgnTXzc/Q==}

  '@ungap/structured-clone@1.2.0':
    resolution: {integrity: sha512-zuVdFrMJiuCDQUMCzQaD6KL28MjnqqN8XnAqiEq9PNm/hCPTSGfrXCOfwj1ow4LFb/tNymJPwsNbVePc1xFqrQ==}

  '@valibot/to-json-schema@1.0.0':
    resolution: {integrity: sha512-/9crJgPptVsGCL6X+JPDQyaJwkalSZ/52WuF8DiRUxJgcmpNdzYRfZ+gqMEP8W3CTVfuMWPqqvIgfwJ97f9Etw==}
    peerDependencies:
      valibot: ^1.0.0

  acorn@8.14.0:
    resolution: {integrity: sha512-cl669nCJTZBsL97OF4kUQm5g5hC2uihk0NxY3WENAC0TYdILVkAyHymAntgxGkl7K+t0cXIrH5siy5S4XkFycA==}
    engines: {node: '>=0.4.0'}
    hasBin: true

  argparse@2.0.1:
    resolution: {integrity: sha512-8+9WqebbFzpX9OR+Wa6O29asIogeRMzcGtAINdpMHHyAg10f05aSFVBbcEqGf/PXw1EjAZ+q2/bEBg3DvurK3Q==}

  balanced-match@1.0.2:
    resolution: {integrity: sha512-3oSeUO0TMV67hN1AmbXsK4yaqU7tjiHlbxRDZOpH0KW9+CeX4bRAaX0Anxt0tx2MrpRpWwQaPwIlISEJhYU5Pw==}

  brace-expansion@2.0.1:
    resolution: {integrity: sha512-XnAIvQ8eM+kC6aULx6wuQiwVsnzsi9d3WxzV3FpWTGA19F621kwdbsAcFKXgKUHZWsy+mY6iL1sHTxWEFCytDA==}

  buffer-from@1.1.2:
    resolution: {integrity: sha512-E+XQCRwSbaaiChtv6k6Dwgc+bx+Bs6vuKJHHl5kox/BaKbhiXzqQOwK4cO22yElGp2OCmjwVhT3HmxgyPGnJfQ==}

  cac@6.7.14:
    resolution: {integrity: sha512-b6Ilus+c3RrdDk+JhLKUAQfzzgLEPy6wcXqS7f/xe1EETvsDP6GORG7SFuOs6cID5YkqchW/LXZbX5bc8j7ZcQ==}
    engines: {node: '>=8'}

  ccount@2.0.1:
    resolution: {integrity: sha512-eyrF0jiFpY+3drT6383f1qhkbGsLSifNAjA61IUjZjmLCWjItY6LB9ft9YhoDgwfmclB2zhu51Lc7+95b8NRAg==}

  character-entities-html4@2.1.0:
    resolution: {integrity: sha512-1v7fgQRj6hnSwFpq1Eu0ynr/CDEw0rXo2B61qXrLNdHZmPKgb7fqS1a2JwF0rISo9q77jDI8VMEHoApn8qDoZA==}

  character-entities-legacy@3.0.0:
    resolution: {integrity: sha512-RpPp0asT/6ufRm//AJVwpViZbGM/MkjQFxJccQRHmISF/22NBtsHqAWmL+/pmkPWoIUJdWyeVleTl1wydHATVQ==}

  comma-separated-tokens@2.0.3:
    resolution: {integrity: sha512-Fu4hJdvzeylCfQPp9SGWidpzrMs7tTrlu6Vb8XGaRGck8QSNZJJp538Wrb60Lax4fPwR64ViY468OIUTbRlGZg==}

  commander@2.20.3:
    resolution: {integrity: sha512-GpVkmM8vF2vQUkj2LvZmD35JxeJOLCwJ9cUkugyk2nuhbv3+mJvpLYYt+0+USMxE+oj+ey/lJEnhZw75x/OMcQ==}

  dequal@2.0.3:
    resolution: {integrity: sha512-0je+qPKHEMohvfRTCEo3CrPG6cAzAYgmzKyxRiYSSDkS6eGJdyVJm7WaYA5ECaAD9wLB2T4EEeymA5aFVcYXCA==}
    engines: {node: '>=6'}

  devlop@1.1.0:
    resolution: {integrity: sha512-RWmIqhcFf1lRYBvNmr7qTNuyCt/7/ns2jbpp1+PalgE/rDQcBT0fioSMUpJ93irlUhC5hrg4cYqe6U+0ImW0rA==}

  entities@4.5.0:
    resolution: {integrity: sha512-V0hjH4dGPh9Ao5p0MoRY6BVqtwCjhz6vI5LT8AJ55H+4g9/4vbHx1I54fS0XuclLhDHArPQCiMjDxjaL8fPxhw==}
    engines: {node: '>=0.12'}

  estkbuild@0.0.2:
    resolution: {integrity: sha512-i0W9GLoS8j2JiXhKPijiG/0kV+4UUUHsa1E0iIyAZFx5zd5ou3V4HD19OxkTxevyYA2rZ3wJk5vhMTwsrAq9IQ==}
    hasBin: true

  estree-walker@2.0.2:
    resolution: {integrity: sha512-Rfkk/Mp/DL7JVje3u18FxFujQlTNR2q6QfMSMB7AvCBx91NGj/ba3kCfza0f6dVDbw7YlRf/nDrn7pQrCCyQ/w==}

  fsevents@2.3.3:
    resolution: {integrity: sha512-5xoDfX+fL7faATnagmWPpbFtwh/R77WmMMqqHGS65C3vvB0YHrgF+B1YmZ3441tMj5n63k0212XNoJwzlhffQw==}
    engines: {node: ^8.16.0 || ^10.6.0 || >=11.0.0}
    os: [darwin]

  function-bind@1.1.2:
    resolution: {integrity: sha512-7XHNxH7qX9xG5mIwxkhumTox/MIRNcOgDrxWsMt2pAr23WHp6MrRlN7FBSFpCpr+oVO0F744iUgR82nJMfG2SA==}

  hasown@2.0.2:
    resolution: {integrity: sha512-0hJU9SCPvmMzIBdZFqNPXWa6dqh7WdH0cII9y+CyS8rG3nL48Bclra9HmKhVVUHyPWNH5Y7xDwAB7bfgSjkUMQ==}
    engines: {node: '>= 0.4'}

  hast-util-to-html@9.0.3:
    resolution: {integrity: sha512-M17uBDzMJ9RPCqLMO92gNNUDuBSq10a25SDBI08iCCxmorf4Yy6sYHK57n9WAbRAAaU+DuR4W6GN9K4DFZesYg==}

  hast-util-whitespace@3.0.0:
    resolution: {integrity: sha512-88JUN06ipLwsnv+dVn+OIYOvAuvBMy/Qoi6O7mQHxdPXpjy+Cd6xRkWwux7DKO+4sYILtLBRIKgsdpS2gQc7qw==}

  html-void-elements@3.0.0:
    resolution: {integrity: sha512-bEqo66MRXsUGxWHV5IP0PUiAWwoEjba4VCzg0LjFJBpchPaTfyfCKTG6bc5F8ucKec3q5y6qOdGyYTSBEvhCrg==}

  is-core-module@2.15.1:
    resolution: {integrity: sha512-z0vtXSwucUJtANQWldhbtbt7BnL0vxiFjIdDLAatwhDYty2bad6s+rijD6Ri4YuYJubLzIJLUidCh09e1djEVQ==}
    engines: {node: '>= 0.4'}

  linkify-it@5.0.0:
    resolution: {integrity: sha512-5aHCbzQRADcdP+ATqnDuhhJ/MRIqDkZX5pyjFHRRysS8vZ5AbqGEoFIb6pYHPZ+L/OC2Lc+xT8uHVVR5CAK/wQ==}

  lunr@2.3.9:
    resolution: {integrity: sha512-zTU3DaZaF3Rt9rhN3uBMGQD3dD2/vFQqnvZCDv4dl5iOzq2IZQqTxu90r4E5J+nP70J3ilqVCrbho2eWaeW8Ow==}

  markdown-it@14.1.0:
    resolution: {integrity: sha512-a54IwgWPaeBCAAsv13YgmALOF1elABB08FxO9i+r4VFk5Vl4pKokRPeX8u5TCgSsPi6ec1otfLjdOpVcgbpshg==}
    hasBin: true

  mdast-util-to-hast@13.2.0:
    resolution: {integrity: sha512-QGYKEuUsYT9ykKBCMOEDLsU5JRObWQusAolFMeko/tYPufNkRffBAQjIE+99jbA87xv6FgmjLtwjh9wBWajwAA==}

  mdurl@2.0.0:
    resolution: {integrity: sha512-Lf+9+2r+Tdp5wXDXC4PcIBjTDtq4UKjCPMQhKIuzpJNW0b96kVqSwW0bT7FhRSfmAiFYgP+SCRvdrDozfh0U5w==}

  micromark-util-character@2.1.0:
    resolution: {integrity: sha512-KvOVV+X1yLBfs9dCBSopq/+G1PcgT3lAK07mC4BzXi5E7ahzMAF8oIupDDJ6mievI6F+lAATkbQQlQixJfT3aQ==}

  micromark-util-encode@2.0.0:
    resolution: {integrity: sha512-pS+ROfCXAGLWCOc8egcBvT0kf27GoWMqtdarNfDcjb6YLuV5cM3ioG45Ys2qOVqeqSbjaKg72vU+Wby3eddPsA==}

  micromark-util-sanitize-uri@2.0.0:
    resolution: {integrity: sha512-WhYv5UEcZrbAtlsnPuChHUAsu/iBPOVaEVsntLBIdpibO0ddy8OzavZz3iL2xVvBZOpolujSliP65Kq0/7KIYw==}

  micromark-util-symbol@2.0.0:
    resolution: {integrity: sha512-8JZt9ElZ5kyTnO94muPxIGS8oyElRJaiJO8EzV6ZSyGQ1Is8xwl4Q45qU5UOg+bGH4AikWziz0iN4sFLWs8PGw==}

  micromark-util-types@2.0.0:
    resolution: {integrity: sha512-oNh6S2WMHWRZrmutsRmDDfkzKtxF+bc2VxLC9dvtrDIRFln627VsFP6fLMgTryGDljgLPjkrzQSDcPrjPyDJ5w==}

  minimatch@9.0.5:
    resolution: {integrity: sha512-G6T0ZX48xgozx7587koeX9Ys2NYy6Gmv//P89sEte9V9whIapMNF4idKxnW2QtCcLiTWlb/wfCabAtAFWhhBow==}
    engines: {node: '>=16 || 14 >=14.17'}

  oniguruma-to-js@0.4.3:
    resolution: {integrity: sha512-X0jWUcAlxORhOqqBREgPMgnshB7ZGYszBNspP+tS9hPD3l13CdaXcHbgImoHUHlrvGx/7AvFEkTRhAGYh+jzjQ==}

  path-parse@1.0.7:
    resolution: {integrity: sha512-LDJzPVEEEPR+y48z93A0Ed0yXb8pAByGWo/k5YYdYgpY2/2EsOsksJrq7lOHxryrVOn1ejG6oAp8ahvOIQD8sw==}

  picomatch@4.0.2:
    resolution: {integrity: sha512-M7BAV6Rlcy5u+m6oPhAPFgJTzAioX/6B0DxyvDlo9l8+T3nLKbrczg2WLUyzd45L8RqfUMyGPzekbMvX2Ldkwg==}
    engines: {node: '>=12'}

  property-information@6.5.0:
    resolution: {integrity: sha512-PgTgs/BlvHxOu8QuEN7wi5A0OmXaBcHpmCSTehcs6Uuu9IkDIEo13Hy7n898RHfrQ49vKCoGeWZSaAK01nwVig==}

  punycode.js@2.3.1:
    resolution: {integrity: sha512-uxFIHU0YlHYhDQtV4R9J6a52SLx28BCjT+4ieh7IGbgwVJWO+km431c4yRlREUAsAmt/uMjQUyQHNEPf0M39CA==}
    engines: {node: '>=6'}

  randombytes@2.1.0:
    resolution: {integrity: sha512-vYl3iOX+4CKUWuxGi9Ukhie6fsqXqS9FE2Zaic4tNFD2N2QQaXOMFbuKK4QmDHC0JO6B1Zp41J0LpT0oR68amQ==}

  regex@4.3.3:
    resolution: {integrity: sha512-r/AadFO7owAq1QJVeZ/nq9jNS1vyZt+6t1p/E59B56Rn2GCya+gr1KSyOzNL/er+r+B7phv5jG2xU2Nz1YkmJg==}

  resolve@1.22.8:
    resolution: {integrity: sha512-oKWePCxqpd6FlLvGV1VU0x7bkPmmCNolxzjMf4NczoDnQcIWrAF+cPtZn5i6n+RfD2d9i0tzpKnG6Yk168yIyw==}
    hasBin: true

  rolldown@1.0.0-beta.7:
    resolution: {integrity: sha512-IUa/9lZVqgFilYggiY7jxUbmvU4Q8wVvVqsru+AeMldBccBEhTYZ6/XP6cWsznb8Fv49zfYGaeEpJ5WeVdo6Mg==}
    hasBin: true
    peerDependencies:
      '@oxc-project/runtime': 0.61.2
    peerDependenciesMeta:
      '@oxc-project/runtime':
        optional: true

  rollup@4.24.1:
    resolution: {integrity: sha512-2lhtdsnyxlfBAZVh9tfriEc1nV9HxjQGnqEpd7z7cWXuLbI4jHWDhAvw6JGs0AVcnYqv0gL7Mjuj/utxW2wPBw==}
    engines: {node: '>=18.0.0', npm: '>=8.0.0'}
    hasBin: true

  safe-buffer@5.2.1:
    resolution: {integrity: sha512-rp3So07KcdmmKbGvgaNxQSJr7bGVSVk5S9Eq1F+ppbRo70+YeaDxkw5Dd8NPN+GD6bjnYm2VuPuCXmpuYvmCXQ==}

  serialize-javascript@6.0.2:
    resolution: {integrity: sha512-Saa1xPByTTq2gdeFZYLLo+RFE35NHZkAbqZeWNd3BpzppeVisAqpDjcp8dyf6uIvEqJRd46jemmyA4iFIeVk8g==}

  shiki@1.22.1:
    resolution: {integrity: sha512-PbJ6XxrWLMwB2rm3qdjIHNm3zq4SfFnOx0B3rEoi4AN8AUngsdyZ1tRe5slMPtn6jQkbUURLNZPpLR7Do3k78g==}

  smob@1.5.0:
    resolution: {integrity: sha512-g6T+p7QO8npa+/hNx9ohv1E5pVCmWrVCUzUXJyLdMmftX6ER0oiWY/w9knEonLpnOp6b6FenKnMfR8gqwWdwig==}

  source-map-support@0.5.21:
    resolution: {integrity: sha512-uBHU3L3czsIyYXKX88fdrGovxdSCoTGDRZ6SYXtSRxLZUzHg5P/66Ht6uoUlHu9EZod+inXhKo3qQgwXUT/y1w==}

  source-map@0.6.1:
    resolution: {integrity: sha512-UjgapumWlbMhkBgzT7Ykc5YXUT46F0iKu8SGXq0bcwP5dz/h0Plj6enJqjz1Zbq2l5WaqYnrVbwWOWMyF3F47g==}
    engines: {node: '>=0.10.0'}

  space-separated-tokens@2.0.2:
    resolution: {integrity: sha512-PEGlAwrG8yXGXRjW32fGbg66JAlOAwbObuqVoJpv/mRgoWDQfgH1wDPvtzWyUSNAXBGSk8h755YDbbcEy3SH2Q==}

  stringify-entities@4.0.4:
    resolution: {integrity: sha512-IwfBptatlO+QCJUo19AqvrPNqlVMpW9YEL2LIVY+Rpv2qsjCGxaDLNRgeGsQWJhfItebuJhsGSLjaBbNSQ+ieg==}

  supports-preserve-symlinks-flag@1.0.0:
    resolution: {integrity: sha512-ot0WnXS9fgdkgIcePe6RHNk1WA8+muPa6cSjeR3V8K27q9BB1rTE3R1p7Hv0z1ZyAc8s6Vvv8DIyWf681MAt0w==}
    engines: {node: '>= 0.4'}

  terser@5.36.0:
    resolution: {integrity: sha512-IYV9eNMuFAV4THUspIRXkLakHnV6XO7FEdtKjf/mDyrnqUg9LnlOn6/RwRvM9SZjR4GUq8Nk8zj67FzVARr74w==}
    engines: {node: '>=10'}
    hasBin: true

  trim-lines@3.0.1:
    resolution: {integrity: sha512-kRj8B+YHZCc9kQYdWfJB2/oUl9rA99qbowYYBtr4ui4mZyAQ2JpvVBd/6U2YloATfqBhBTSMhTpgBHtU0Mf3Rg==}

  tslib@2.8.1:
    resolution: {integrity: sha512-oJFu94HQb+KVduSUQL7wnpmqnfmLsOA/nAh6b6EH0wCEoK0/mPeXU6c3wKDV83MkOuHPRHtSXKKU99IBazS/2w==}

  typedoc@0.26.10:
    resolution: {integrity: sha512-xLmVKJ8S21t+JeuQLNueebEuTVphx6IrP06CdV7+0WVflUSW3SPmR+h1fnWVdAR/FQePEgsSWCUHXqKKjzuUAw==}
    engines: {node: '>= 18'}
    hasBin: true
    peerDependencies:
      typescript: 4.6.x || 4.7.x || 4.8.x || 4.9.x || 5.0.x || 5.1.x || 5.2.x || 5.3.x || 5.4.x || 5.5.x || 5.6.x

  types-for-adobe@7.2.2:
    resolution: {integrity: sha512-ab6Avj6KSOqJgdwYNMpW/8eQy8MHNHlgzBfB15QGqXJUrWfkL8k09kiotr7N1P48wbNLgyp/tP5CS2uYsPHPuQ==}

  typescript@5.8.2:
    resolution: {integrity: sha512-aJn6wq13/afZp/jT9QZmwEjDqqvSGp1VT5GVg+f/t6/oVyrgXM6BY1h9BRh/O5p3PlUPAe+WuiEZOmb/49RqoQ==}
    engines: {node: '>=14.17'}
    hasBin: true

  uc.micro@2.1.0:
    resolution: {integrity: sha512-ARDJmphmdvUk6Glw7y9DQ2bFkKBHwQHLi2lsaH6PPmz/Ka9sFOBsBluozhDltWmnv9u/cF6Rt87znRTPV+yp/A==}

  unist-util-is@6.0.0:
    resolution: {integrity: sha512-2qCTHimwdxLfz+YzdGfkqNlH0tLi9xjTnHddPmJwtIG9MGsdbutfTc4P+haPD7l7Cjxf/WZj+we5qfVPvvxfYw==}

  unist-util-position@5.0.0:
    resolution: {integrity: sha512-fucsC7HjXvkB5R3kTCO7kUjRdrS0BJt3M/FPxmHMBOm8JQi2BsHAHFsy27E0EolP8rp0NzXsJ+jNPyDWvOJZPA==}

  unist-util-stringify-position@4.0.0:
    resolution: {integrity: sha512-0ASV06AAoKCDkS2+xw5RXJywruurpbC4JZSm7nr7MOt1ojAzvyyaO+UxZf18j8FCF6kmzCZKcAgN/yu2gm2XgQ==}

  unist-util-visit-parents@6.0.1:
    resolution: {integrity: sha512-L/PqWzfTP9lzzEa6CKs0k2nARxTdZduw3zyh8d2NVBnsyvHjSX4TWse388YrrQKbvI8w20fGjGlhgT96WwKykw==}

  unist-util-visit@5.0.0:
    resolution: {integrity: sha512-MR04uvD+07cwl/yhVuVWAtw+3GOR/knlL55Nd/wAdblk27GCVt3lqpTivy/tkJcZoNPzTwS1Y+KMojlLDhoTzg==}

  valibot@1.0.0:
    resolution: {integrity: sha512-1Hc0ihzWxBar6NGeZv7fPLY0QuxFMyxwYR2sF1Blu7Wq7EnremwY2W02tit2ij2VJT8HcSkHAQqmFfl77f73Yw==}
    peerDependencies:
      typescript: '>=5'
    peerDependenciesMeta:
      typescript:
        optional: true

  vfile-message@4.0.2:
    resolution: {integrity: sha512-jRDZ1IMLttGj41KcZvlrYAaI3CfqpLpfpf+Mfig13viT6NKvRzWZ+lXz0Y5D60w6uJIBAOGq9mSHf0gktF0duw==}

  vfile@6.0.3:
    resolution: {integrity: sha512-KzIbH/9tXat2u30jf+smMwFCsno4wHVdNmzFyL+T/L3UGqqk6JKfVqOFOZEpZSHADH1k40ab6NUIXZq422ov3Q==}

  yaml@2.6.0:
    resolution: {integrity: sha512-a6ae//JvKDEra2kdi1qzCyrJW/WZCgFi8ydDV+eXExl95t+5R+ijnqHJbz9tmMh8FUjx3iv2fCQ4dclAQlO2UQ==}
    engines: {node: '>= 14'}
    hasBin: true

  zwitch@2.0.4:
    resolution: {integrity: sha512-bXE4cR/kVZhKZX/RjPEflHaKVhUVl85noU3v6b8apfQEc1x4A+zBxjZ4lN8LqGd6WZ3dl98pY4o717VFmoPp+A==}

snapshots:

  '@emnapi/core@1.4.0':
    dependencies:
      '@emnapi/wasi-threads': 1.0.1
      tslib: 2.8.1
    optional: true

  '@emnapi/runtime@1.4.0':
    dependencies:
      tslib: 2.8.1
    optional: true

  '@emnapi/wasi-threads@1.0.1':
    dependencies:
      tslib: 2.8.1
    optional: true

  '@jridgewell/gen-mapping@0.3.5':
    dependencies:
      '@jridgewell/set-array': 1.2.1
      '@jridgewell/sourcemap-codec': 1.5.0
      '@jridgewell/trace-mapping': 0.3.25

  '@jridgewell/resolve-uri@3.1.2': {}

  '@jridgewell/set-array@1.2.1': {}

  '@jridgewell/source-map@0.3.6':
    dependencies:
      '@jridgewell/gen-mapping': 0.3.5
      '@jridgewell/trace-mapping': 0.3.25

  '@jridgewell/sourcemap-codec@1.5.0': {}

  '@jridgewell/trace-mapping@0.3.25':
    dependencies:
      '@jridgewell/resolve-uri': 3.1.2
      '@jridgewell/sourcemap-codec': 1.5.0

  '@napi-rs/wasm-runtime@0.2.8':
    dependencies:
      '@emnapi/core': 1.4.0
      '@emnapi/runtime': 1.4.0
      '@tybys/wasm-util': 0.9.0
    optional: true

  '@oxc-project/types@0.61.2': {}

  '@rolldown/binding-darwin-arm64@1.0.0-beta.7':
    optional: true

  '@rolldown/binding-darwin-x64@1.0.0-beta.7':
    optional: true

  '@rolldown/binding-freebsd-x64@1.0.0-beta.7':
    optional: true

  '@rolldown/binding-linux-arm-gnueabihf@1.0.0-beta.7':
    optional: true

  '@rolldown/binding-linux-arm64-gnu@1.0.0-beta.7':
    optional: true

  '@rolldown/binding-linux-arm64-musl@1.0.0-beta.7':
    optional: true

  '@rolldown/binding-linux-x64-gnu@1.0.0-beta.7':
    optional: true

  '@rolldown/binding-linux-x64-musl@1.0.0-beta.7':
    optional: true

  '@rolldown/binding-wasm32-wasi@1.0.0-beta.7':
    dependencies:
      '@napi-rs/wasm-runtime': 0.2.8
    optional: true

  '@rolldown/binding-win32-arm64-msvc@1.0.0-beta.7':
    optional: true

  '@rolldown/binding-win32-ia32-msvc@1.0.0-beta.7':
    optional: true

  '@rolldown/binding-win32-x64-msvc@1.0.0-beta.7':
    optional: true

  '@rollup/plugin-terser@0.4.4(rollup@4.24.1)':
    dependencies:
      serialize-javascript: 6.0.2
      smob: 1.5.0
      terser: 5.36.0
    optionalDependencies:
      rollup: 4.24.1

  '@rollup/plugin-typescript@12.1.2(rollup@4.24.1)(tslib@2.8.1)(typescript@5.8.2)':
    dependencies:
      '@rollup/pluginutils': 5.1.3(rollup@4.24.1)
      resolve: 1.22.8
      typescript: 5.8.2
    optionalDependencies:
      rollup: 4.24.1
      tslib: 2.8.1

  '@rollup/pluginutils@5.1.3(rollup@4.24.1)':
    dependencies:
      '@types/estree': 1.0.6
      estree-walker: 2.0.2
      picomatch: 4.0.2
    optionalDependencies:
      rollup: 4.24.1

  '@rollup/rollup-android-arm-eabi@4.24.1':
    optional: true

  '@rollup/rollup-android-arm64@4.24.1':
    optional: true

  '@rollup/rollup-darwin-arm64@4.24.1':
    optional: true

  '@rollup/rollup-darwin-x64@4.24.1':
    optional: true

  '@rollup/rollup-freebsd-x64@4.24.1':
    optional: true

  '@rollup/rollup-linux-arm-gnueabihf@4.24.1':
    optional: true

  '@rollup/rollup-linux-arm-musleabihf@4.24.1':
    optional: true

  '@rollup/rollup-linux-arm64-gnu@4.24.1':
    optional: true

  '@rollup/rollup-linux-arm64-musl@4.24.1':
    optional: true

  '@rollup/rollup-linux-powerpc64le-gnu@4.24.1':
    optional: true

  '@rollup/rollup-linux-riscv64-gnu@4.24.1':
    optional: true

  '@rollup/rollup-linux-s390x-gnu@4.24.1':
    optional: true

  '@rollup/rollup-linux-x64-gnu@4.24.1':
    optional: true

  '@rollup/rollup-linux-x64-musl@4.24.1':
    optional: true

  '@rollup/rollup-win32-arm64-msvc@4.24.1':
    optional: true

  '@rollup/rollup-win32-ia32-msvc@4.24.1':
    optional: true

  '@rollup/rollup-win32-x64-msvc@4.24.1':
    optional: true

  '@shikijs/core@1.22.1':
    dependencies:
      '@shikijs/engine-javascript': 1.22.1
      '@shikijs/engine-oniguruma': 1.22.1
      '@shikijs/types': 1.22.1
      '@shikijs/vscode-textmate': 9.3.0
      '@types/hast': 3.0.4
      hast-util-to-html: 9.0.3

  '@shikijs/engine-javascript@1.22.1':
    dependencies:
      '@shikijs/types': 1.22.1
      '@shikijs/vscode-textmate': 9.3.0
      oniguruma-to-js: 0.4.3

  '@shikijs/engine-oniguruma@1.22.1':
    dependencies:
      '@shikijs/types': 1.22.1
      '@shikijs/vscode-textmate': 9.3.0

  '@shikijs/types@1.22.1':
    dependencies:
      '@shikijs/vscode-textmate': 9.3.0
      '@types/hast': 3.0.4

  '@shikijs/vscode-textmate@9.3.0': {}

  '@tybys/wasm-util@0.9.0':
    dependencies:
      tslib: 2.8.1
    optional: true

  '@types/estree@1.0.6': {}

  '@types/hast@3.0.4':
    dependencies:
      '@types/unist': 3.0.3

  '@types/mdast@4.0.4':
    dependencies:
      '@types/unist': 3.0.3

  '@types/unist@3.0.3': {}

  '@ungap/structured-clone@1.2.0': {}

  '@valibot/to-json-schema@1.0.0(valibot@1.0.0(typescript@5.8.2))':
    dependencies:
      valibot: 1.0.0(typescript@5.8.2)

  acorn@8.14.0: {}

  argparse@2.0.1: {}

  balanced-match@1.0.2: {}

  brace-expansion@2.0.1:
    dependencies:
      balanced-match: 1.0.2

  buffer-from@1.1.2: {}

  cac@6.7.14: {}

  ccount@2.0.1: {}

  character-entities-html4@2.1.0: {}

  character-entities-legacy@3.0.0: {}

  comma-separated-tokens@2.0.3: {}

  commander@2.20.3: {}

  dequal@2.0.3: {}

  devlop@1.1.0:
    dependencies:
      dequal: 2.0.3

  entities@4.5.0: {}

  estkbuild@0.0.2:
    dependencies:
      cac: 6.7.14

  estree-walker@2.0.2: {}

  fsevents@2.3.3:
    optional: true

  function-bind@1.1.2: {}

  hasown@2.0.2:
    dependencies:
      function-bind: 1.1.2

  hast-util-to-html@9.0.3:
    dependencies:
      '@types/hast': 3.0.4
      '@types/unist': 3.0.3
      ccount: 2.0.1
      comma-separated-tokens: 2.0.3
      hast-util-whitespace: 3.0.0
      html-void-elements: 3.0.0
      mdast-util-to-hast: 13.2.0
      property-information: 6.5.0
      space-separated-tokens: 2.0.2
      stringify-entities: 4.0.4
      zwitch: 2.0.4

  hast-util-whitespace@3.0.0:
    dependencies:
      '@types/hast': 3.0.4

  html-void-elements@3.0.0: {}

  is-core-module@2.15.1:
    dependencies:
      hasown: 2.0.2

  linkify-it@5.0.0:
    dependencies:
      uc.micro: 2.1.0

  lunr@2.3.9: {}

  markdown-it@14.1.0:
    dependencies:
      argparse: 2.0.1
      entities: 4.5.0
      linkify-it: 5.0.0
      mdurl: 2.0.0
      punycode.js: 2.3.1
      uc.micro: 2.1.0

  mdast-util-to-hast@13.2.0:
    dependencies:
      '@types/hast': 3.0.4
      '@types/mdast': 4.0.4
      '@ungap/structured-clone': 1.2.0
      devlop: 1.1.0
      micromark-util-sanitize-uri: 2.0.0
      trim-lines: 3.0.1
      unist-util-position: 5.0.0
      unist-util-visit: 5.0.0
      vfile: 6.0.3

  mdurl@2.0.0: {}

  micromark-util-character@2.1.0:
    dependencies:
      micromark-util-symbol: 2.0.0
      micromark-util-types: 2.0.0

  micromark-util-encode@2.0.0: {}

  micromark-util-sanitize-uri@2.0.0:
    dependencies:
      micromark-util-character: 2.1.0
      micromark-util-encode: 2.0.0
      micromark-util-symbol: 2.0.0

  micromark-util-symbol@2.0.0: {}

  micromark-util-types@2.0.0: {}

  minimatch@9.0.5:
    dependencies:
      brace-expansion: 2.0.1

  oniguruma-to-js@0.4.3:
    dependencies:
      regex: 4.3.3

  path-parse@1.0.7: {}

  picomatch@4.0.2: {}

  property-information@6.5.0: {}

  punycode.js@2.3.1: {}

  randombytes@2.1.0:
    dependencies:
      safe-buffer: 5.2.1

  regex@4.3.3: {}

  resolve@1.22.8:
    dependencies:
      is-core-module: 2.15.1
      path-parse: 1.0.7
      supports-preserve-symlinks-flag: 1.0.0

  rolldown@1.0.0-beta.7(typescript@5.8.2):
    dependencies:
      '@oxc-project/types': 0.61.2
      '@valibot/to-json-schema': 1.0.0(valibot@1.0.0(typescript@5.8.2))
      valibot: 1.0.0(typescript@5.8.2)
    optionalDependencies:
      '@rolldown/binding-darwin-arm64': 1.0.0-beta.7
      '@rolldown/binding-darwin-x64': 1.0.0-beta.7
      '@rolldown/binding-freebsd-x64': 1.0.0-beta.7
      '@rolldown/binding-linux-arm-gnueabihf': 1.0.0-beta.7
      '@rolldown/binding-linux-arm64-gnu': 1.0.0-beta.7
      '@rolldown/binding-linux-arm64-musl': 1.0.0-beta.7
      '@rolldown/binding-linux-x64-gnu': 1.0.0-beta.7
      '@rolldown/binding-linux-x64-musl': 1.0.0-beta.7
      '@rolldown/binding-wasm32-wasi': 1.0.0-beta.7
      '@rolldown/binding-win32-arm64-msvc': 1.0.0-beta.7
      '@rolldown/binding-win32-ia32-msvc': 1.0.0-beta.7
      '@rolldown/binding-win32-x64-msvc': 1.0.0-beta.7
    transitivePeerDependencies:
      - typescript

  rollup@4.24.1:
    dependencies:
      '@types/estree': 1.0.6
    optionalDependencies:
      '@rollup/rollup-android-arm-eabi': 4.24.1
      '@rollup/rollup-android-arm64': 4.24.1
      '@rollup/rollup-darwin-arm64': 4.24.1
      '@rollup/rollup-darwin-x64': 4.24.1
      '@rollup/rollup-freebsd-x64': 4.24.1
      '@rollup/rollup-linux-arm-gnueabihf': 4.24.1
      '@rollup/rollup-linux-arm-musleabihf': 4.24.1
      '@rollup/rollup-linux-arm64-gnu': 4.24.1
      '@rollup/rollup-linux-arm64-musl': 4.24.1
      '@rollup/rollup-linux-powerpc64le-gnu': 4.24.1
      '@rollup/rollup-linux-riscv64-gnu': 4.24.1
      '@rollup/rollup-linux-s390x-gnu': 4.24.1
      '@rollup/rollup-linux-x64-gnu': 4.24.1
      '@rollup/rollup-linux-x64-musl': 4.24.1
      '@rollup/rollup-win32-arm64-msvc': 4.24.1
      '@rollup/rollup-win32-ia32-msvc': 4.24.1
      '@rollup/rollup-win32-x64-msvc': 4.24.1
      fsevents: 2.3.3
    optional: true

  safe-buffer@5.2.1: {}

  serialize-javascript@6.0.2:
    dependencies:
      randombytes: 2.1.0

  shiki@1.22.1:
    dependencies:
      '@shikijs/core': 1.22.1
      '@shikijs/engine-javascript': 1.22.1
      '@shikijs/engine-oniguruma': 1.22.1
      '@shikijs/types': 1.22.1
      '@shikijs/vscode-textmate': 9.3.0
      '@types/hast': 3.0.4

  smob@1.5.0: {}

  source-map-support@0.5.21:
    dependencies:
      buffer-from: 1.1.2
      source-map: 0.6.1

  source-map@0.6.1: {}

  space-separated-tokens@2.0.2: {}

  stringify-entities@4.0.4:
    dependencies:
      character-entities-html4: 2.1.0
      character-entities-legacy: 3.0.0

  supports-preserve-symlinks-flag@1.0.0: {}

  terser@5.36.0:
    dependencies:
      '@jridgewell/source-map': 0.3.6
      acorn: 8.14.0
      commander: 2.20.3
      source-map-support: 0.5.21

  trim-lines@3.0.1: {}

  tslib@2.8.1: {}

  typedoc@0.26.10(typescript@5.8.2):
    dependencies:
      lunr: 2.3.9
      markdown-it: 14.1.0
      minimatch: 9.0.5
      shiki: 1.22.1
      typescript: 5.8.2
      yaml: 2.6.0

  types-for-adobe@7.2.2: {}

  typescript@5.8.2: {}

  uc.micro@2.1.0: {}

  unist-util-is@6.0.0:
    dependencies:
      '@types/unist': 3.0.3

  unist-util-position@5.0.0:
    dependencies:
      '@types/unist': 3.0.3

  unist-util-stringify-position@4.0.0:
    dependencies:
      '@types/unist': 3.0.3

  unist-util-visit-parents@6.0.1:
    dependencies:
      '@types/unist': 3.0.3
      unist-util-is: 6.0.0

  unist-util-visit@5.0.0:
    dependencies:
      '@types/unist': 3.0.3
      unist-util-is: 6.0.0
      unist-util-visit-parents: 6.0.1

  valibot@1.0.0(typescript@5.8.2):
    optionalDependencies:
      typescript: 5.8.2

  vfile-message@4.0.2:
    dependencies:
      '@types/unist': 3.0.3
      unist-util-stringify-position: 4.0.0

  vfile@6.0.3:
    dependencies:
      '@types/unist': 3.0.3
      vfile-message: 4.0.2

  yaml@2.6.0: {}

  zwitch@2.0.4: {}
